Microsoft Visual Studio Solution File, Format Version 12.00
# Visual Studio Version 17
VisualStudioVersion = 17.5.2.0
MinimumVisualStudioVersion = 10.0.40219.1
Project("{FAE04EC0-301F-11D3-BF4B-00C04F79EFBC}") = "SolutionEngineeringFAQ.API", "SolutionEngineeringFAQ.API\SolutionEngineeringFAQ.API.csproj", "{07E9901E-F036-2AC8-F235-F4E7D643F8D2}"
EndProject
Global
	GlobalSection(SolutionConfigurationPlatforms) = preSolution
		Debug|Any CPU = Debug|Any CPU
		Release|Any CPU = Release|Any CPU
	EndGlobalSection
	GlobalSection(ProjectConfigurationPlatforms) = postSolution
		{07E9901E-F036-2AC8-F235-F4E7D643F8D2}.Debug|Any CPU.ActiveCfg = Debug|Any CPU
		{07E9901E-F036-2AC8-F235-F4E7D643F8D2}.Debug|Any CPU.Build.0 = Debug|Any CPU
		{07E9901E-F036-2AC8-F235-F4E7D643F8D2}.Release|Any CPU.ActiveCfg = Release|Any CPU
		{07E9901E-F036-2AC8-F235-F4E7D643F8D2}.Release|Any CPU.Build.0 = Release|Any CPU
	EndGlobalSection
	GlobalSection(SolutionProperties) = preSolution
		HideSolutionNode = FALSE
	EndGlobalSection
	GlobalSection(ExtensibilityGlobals) = postSolution
		SolutionGuid = {926D14FC-9DCA-4877-9F2E-B0B2A1349B89}
	EndGlobalSection
EndGlobal
